
Microsoft Visual Studio Solution File, Format Version 12.00
# Visual Studio Version 17
VisualStudioVersion = 17.7.34024.191
MinimumVisualStudioVersion = 10.0.40219.1
Project("{9A19103F-16F7-4668-BE54-9A1E7A4F7556}") = "Week13SQLiteDB", "Week13_SQLiteDB\Week13SQLiteDB.csproj", "{C76C6187-70AF-47FD-98B8-9EE8F037F6A9}"
EndProject
Global
	GlobalSection(SolutionConfigurationPlatforms) = preSolution
		Debug|Any CPU = Debug|Any CPU
		Release|Any CPU = Release|Any CPU
	EndGlobalSection
	GlobalSection(ProjectConfigurationPlatforms) = postSolution
		{C76C6187-70AF-47FD-98B8-9EE8F037F6A9}.Debug|Any CPU.ActiveCfg = Debug|Any CPU
		{C76C6187-70AF-47FD-98B8-9EE8F037F6A9}.Debug|Any CPU.Build.0 = Debug|Any CPU
		{C76C6187-70AF-47FD-98B8-9EE8F037F6A9}.Release|Any CPU.ActiveCfg = Release|Any CPU
		{C76C6187-70AF-47FD-98B8-9EE8F037F6A9}.Release|Any CPU.Build.0 = Release|Any CPU
	EndGlobalSection
	GlobalSection(SolutionProperties) = preSolution
		HideSolutionNode = FALSE
	EndGlobalSection
	GlobalSection(ExtensibilityGlobals) = postSolution
		SolutionGuid = {5EE6E501-2DA9-48FD-8F55-898FD4CECBEE}
	EndGlobalSection
EndGlobal
